# This file is automatically @generated by Cargo.
# It is not intended for manual editing.
version = 4

[[package]]
name = "alumina-board"
version = "0.1.0"
dependencies = [
 "alumina-protocol",
]

[[package]]
name = "alumina-machine-ir"
version = "0.1.0"
dependencies = [
 "alumina-protocol",
]

[[package]]
name = "alumina-protocol"
version = "0.1.0"

[[package]]
name = "alumina-safety"
version = "0.1.0"

[[package]]
name = "xtask"
version = "0.1.0"
